// !$*UTF8*$!
{
	archiveVersion = 1;
	classes = {
	};
	objectVersion = 46;
	objects = {

/* Begin PBXBuildFile section */
		4EFC5D7AA4EC4DAE747DBA05 /* libPods-contrast.a in Frameworks */ = {isa = PBXBuildFile; fileRef = 9BBA6FD23091CEFB08F50830 /* libPods-contrast.a */; };
		900299411B4A8D770093DCE7 /* ContrastViewController.m in Sources */ = {isa = PBXBuildFile; fileRef = 900299401B4A8D770093DCE7 /* ContrastViewController.m */; };
		900299461B4A8D770093DCE7 /* Assets.xcassets in Resources */ = {isa = PBXBuildFile; fileRef = 900299451B4A8D770093DCE7 /* Assets.xcassets */; };
		900299521B4A8DED0093DCE7 /* ContrastChannelView.m in Sources */ = {isa = PBXBuildFile; fileRef = 900299511B4A8DED0093DCE7 /* ContrastChannelView.m */; };
		907BFB471B4EB17300227D7F /* ContrastChannelController.m in Sources */ = {isa = PBXBuildFile; fileRef = 907BFB461B4EB17300227D7F /* ContrastChannelController.m */; };
		907BFB4A1B4EB30100227D7F /* ContrastChannel.m in Sources */ = {isa = PBXBuildFile; fileRef = 907BFB491B4EB30100227D7F /* ContrastChannel.m */; };
		90CF93EE1BA5D0700082F247 /* ContrastSwiftViewController.swift in Sources */ = {isa = PBXBuildFile; fileRef = 90CF93ED1BA5D0700082F247 /* ContrastSwiftViewController.swift */; settings = {ASSET_TAGS = (); }; };
		90CF93F01BA5E9A20082F247 /* AppDelegate.swift in Sources */ = {isa = PBXBuildFile; fileRef = 90CF93EF1BA5E9A20082F247 /* AppDelegate.swift */; settings = {ASSET_TAGS = (); }; };
/* End PBXBuildFile section */

/* Begin PBXFileReference section */
		900299361B4A8D770093DCE7 /* contrast.app */ = {isa = PBXFileReference; explicitFileType = wrapper.application; includeInIndex = 0; path = contrast.app; sourceTree = BUILT_PRODUCTS_DIR; };
		9002993F1B4A8D770093DCE7 /* ContrastViewController.h */ = {isa = PBXFileReference; lastKnownFileType = sourcecode.c.h; path = ContrastViewController.h; sourceTree = "<group>"; };
		900299401B4A8D770093DCE7 /* ContrastViewController.m */ = {isa = PBXFileReference; lastKnownFileType = sourcecode.c.objc; path = ContrastViewController.m; sourceTree = "<group>"; };
		900299451B4A8D770093DCE7 /* Assets.xcassets */ = {isa = PBXFileReference; lastKnownFileType = folder.assetcatalog; path = Assets.xcassets; sourceTree = "<group>"; };
		9002994A1B4A8D770093DCE7 /* Info.plist */ = {isa = PBXFileReference; lastKnownFileType = text.plist.xml; path = Info.plist; sourceTree = "<group>"; };
		900299501B4A8DED0093DCE7 /* ContrastChannelView.h */ = {isa = PBXFileReference; fileEncoding = 4; lastKnownFileType = sourcecode.c.h; path = ContrastChannelView.h; sourceTree = "<group>"; };
		900299511B4A8DED0093DCE7 /* ContrastChannelView.m */ = {isa = PBXFileReference; fileEncoding = 4; lastKnownFileType = sourcecode.c.objc; path = ContrastChannelView.m; sourceTree = "<group>"; };
		907BFB451B4EB17300227D7F /* ContrastChannelController.h */ = {isa = PBXFileReference; fileEncoding = 4; lastKnownFileType = sourcecode.c.h; path = ContrastChannelController.h; sourceTree = "<group>"; };
		907BFB461B4EB17300227D7F /* ContrastChannelController.m */ = {isa = PBXFileReference; fileEncoding = 4; lastKnownFileType = sourcecode.c.objc; path = ContrastChannelController.m; sourceTree = "<group>"; };
		907BFB481B4EB30100227D7F /* ContrastChannel.h */ = {isa = PBXFileReference; fileEncoding = 4; lastKnownFileType = sourcecode.c.h; path = ContrastChannel.h; sourceTree = "<group>"; };
		907BFB491B4EB30100227D7F /* ContrastChannel.m */ = {isa = PBXFileReference; fileEncoding = 4; lastKnownFileType = sourcecode.c.objc; path = ContrastChannel.m; sourceTree = "<group>"; };
		90CF93EC1BA5D06F0082F247 /* contrast-Bridging-Header.h */ = {isa = PBXFileReference; lastKnownFileType = sourcecode.c.h; path = "contrast-Bridging-Header.h"; sourceTree = "<group>"; };
		90CF93ED1BA5D0700082F247 /* ContrastSwiftViewController.swift */ = {isa = PBXFileReference; fileEncoding = 4; lastKnownFileType = sourcecode.swift; path = ContrastSwiftViewController.swift; sourceTree = "<group>"; };
		90CF93EF1BA5E9A20082F247 /* AppDelegate.swift */ = {isa = PBXFileReference; fileEncoding = 4; lastKnownFileType = sourcecode.swift; path = AppDelegate.swift; sourceTree = "<group>"; };
		9BBA6FD23091CEFB08F50830 /* libPods-contrast.a */ = {isa = PBXFileReference; explicitFileType = archive.ar; includeInIndex = 0; path = "libPods-contrast.a"; sourceTree = BUILT_PRODUCTS_DIR; };
		B9E248AAAD369F08F65DE5ED /* Pods-contrast.release.xcconfig */ = {isa = PBXFileReference; includeInIndex = 1; lastKnownFileType = text.xcconfig; name = "Pods-contrast.release.xcconfig"; path = "Pods/Target Support Files/Pods-contrast/Pods-contrast.release.xcconfig"; sourceTree = "<group>"; };
		D935FF7E6CBF355ED909017D /* Pods-contrast.debug.xcconfig */ = {isa = PBXFileReference; includeInIndex = 1; lastKnownFileType = text.xcconfig; name = "Pods-contrast.debug.xcconfig"; path = "Pods/Target Support Files/Pods-contrast/Pods-contrast.debug.xcconfig"; sourceTree = "<group>"; };
/* End PBXFileReference section */

/* Begin PBXFrameworksBuildPhase section */
		900299331B4A8D770093DCE7 /* Frameworks */ = {
			isa = PBXFrameworksBuildPhase;
			buildActionMask = 2147483647;
			files = (
				4EFC5D7AA4EC4DAE747DBA05 /* libPods-contrast.a in Frameworks */,
			);
			runOnlyForDeploymentPostprocessing = 0;
		};
/* End PBXFrameworksBuildPhase section */

/* Begin PBXGroup section */
		09D5273AAD346EE83BF28990 /* Pods */ = {
			isa = PBXGroup;
			children = (
				D935FF7E6CBF355ED909017D /* Pods-contrast.debug.xcconfig */,
				B9E248AAAD369F08F65DE5ED /* Pods-contrast.release.xcconfig */,
			);
			name = Pods;
			sourceTree = "<group>";
		};
		3B7B6DAA095BC0226B953DE7 /* Frameworks */ = {
			isa = PBXGroup;
			children = (
				9BBA6FD23091CEFB08F50830 /* libPods-contrast.a */,
			);
			name = Frameworks;
			sourceTree = "<group>";
		};
		9002992D1B4A8D770093DCE7 = {
			isa = PBXGroup;
			children = (
				900299381B4A8D770093DCE7 /* contrast */,
				900299371B4A8D770093DCE7 /* Products */,
				09D5273AAD346EE83BF28990 /* Pods */,
				3B7B6DAA095BC0226B953DE7 /* Frameworks */,
			);
			sourceTree = "<group>";
		};
		900299371B4A8D770093DCE7 /* Products */ = {
			isa = PBXGroup;
			children = (
				900299361B4A8D770093DCE7 /* contrast.app */,
			);
			name = Products;
			sourceTree = "<group>";
		};
		900299381B4A8D770093DCE7 /* contrast */ = {
			isa = PBXGroup;
			children = (
				90CF93EF1BA5E9A20082F247 /* AppDelegate.swift */,
				90CF93ED1BA5D0700082F247 /* ContrastSwiftViewController.swift */,
				9002993F1B4A8D770093DCE7 /* ContrastViewController.h */,
				900299401B4A8D770093DCE7 /* ContrastViewController.m */,
				900299501B4A8DED0093DCE7 /* ContrastChannelView.h */,
				900299511B4A8DED0093DCE7 /* ContrastChannelView.m */,
				907BFB451B4EB17300227D7F /* ContrastChannelController.h */,
				907BFB461B4EB17300227D7F /* ContrastChannelController.m */,
				907BFB481B4EB30100227D7F /* ContrastChannel.h */,
				907BFB491B4EB30100227D7F /* ContrastChannel.m */,
				900299451B4A8D770093DCE7 /* Assets.xcassets */,
				9002994A1B4A8D770093DCE7 /* Info.plist */,
				90CF93EC1BA5D06F0082F247 /* contrast-Bridging-Header.h */,
			);
			path = contrast;
			sourceTree = "<group>";
		};
/* End PBXGroup section */

/* Begin PBXNativeTarget section */
		900299351B4A8D770093DCE7 /* contrast */ = {
			isa = PBXNativeTarget;
			buildConfigurationList = 9002994D1B4A8D770093DCE7 /* Build configuration list for PBXNativeTarget "contrast" */;
			buildPhases = (
				6C00BF444C64C8A8A9749CC3 /* Check Pods Manifest.lock */,
				900299321B4A8D770093DCE7 /* Sources */,
				900299331B4A8D770093DCE7 /* Frameworks */,
				900299341B4A8D770093DCE7 /* Resources */,
				C1043019477FBDB1B24CC581 /* Copy Pods Resources */,
			);
			buildRules = (
			);
			dependencies = (
			);
			name = contrast;
			productName = contrast;
			productReference = 900299361B4A8D770093DCE7 /* contrast.app */;
			productType = "com.apple.product-type.application";
		};
/* End PBXNativeTarget section */

/* Begin PBXProject section */
		9002992E1B4A8D770093DCE7 /* Project object */ = {
			isa = PBXProject;
			attributes = {
				LastSwiftUpdateCheck = 0700;
				LastUpgradeCheck = 0700;
				ORGANIZATIONNAME = "Aero Deko";
				TargetAttributes = {
					900299351B4A8D770093DCE7 = {
						CreatedOnToolsVersion = 7.0;
					};
				};
			};
			buildConfigurationList = 900299311B4A8D770093DCE7 /* Build configuration list for PBXProject "contrast" */;
			compatibilityVersion = "Xcode 3.2";
			developmentRegion = English;
			hasScannedForEncodings = 0;
			knownRegions = (
				en,
				Base,
			);
			mainGroup = 9002992D1B4A8D770093DCE7;
			productRefGroup = 900299371B4A8D770093DCE7 /* Products */;
			projectDirPath = "";
			projectRoot = "";
			targets = (
				900299351B4A8D770093DCE7 /* contrast */,
			);
		};
/* End PBXProject section */

/* Begin PBXResourcesBuildPhase section */
		900299341B4A8D770093DCE7 /* Resources */ = {
			isa = PBXResourcesBuildPhase;
			buildActionMask = 2147483647;
			files = (
				900299461B4A8D770093DCE7 /* Assets.xcassets in Resources */,
			);
			runOnlyForDeploymentPostprocessing = 0;
		};
/* End PBXResourcesBuildPhase section */

/* Begin PBXShellScriptBuildPhase section */
		6C00BF444C64C8A8A9749CC3 /* Check Pods Manifest.lock */ = {
			isa = PBXShellScriptBuildPhase;
			buildActionMask = 2147483647;
			files = (
			);
			inputPaths = (
			);
			name = "Check Pods Manifest.lock";
			outputPaths = (
			);
			runOnlyForDeploymentPostprocessing = 0;
			shellPath = /bin/sh;
			shellScript = "diff \"${PODS_ROOT}/../Podfile.lock\" \"${PODS_ROOT}/Manifest.lock\" > /dev/null\nif [[ $? != 0 ]] ; then\n    cat << EOM\nerror: The sandbox is not in sync with the Podfile.lock. Run 'pod install' or update your CocoaPods installation.\nEOM\n    exit 1\nfi\n";
			showEnvVarsInLog = 0;
		};
		C1043019477FBDB1B24CC581 /* Copy Pods Resources */ = {
			isa = PBXShellScriptBuildPhase;
			buildActionMask = 2147483647;
			files = (
			);
			inputPaths = (
			);
			name = "Copy Pods Resources";
			outputPaths = (
			);
			runOnlyForDeploymentPostprocessing = 0;
			shellPath = /bin/sh;
			shellScript = "\"${SRCROOT}/Pods/Target Support Files/Pods-contrast/Pods-contrast-resources.sh\"\n";
			showEnvVarsInLog = 0;
		};
/* End PBXShellScriptBuildPhase section */

/* Begin PBXSourcesBuildPhase section */
		900299321B4A8D770093DCE7 /* Sources */ = {
			isa = PBXSourcesBuildPhase;
			buildActionMask = 2147483647;
			files = (
				90CF93F01BA5E9A20082F247 /* AppDelegate.swift in Sources */,
				907BFB471B4EB17300227D7F /* ContrastChannelController.m in Sources */,
				900299411B4A8D770093DCE7 /* ContrastViewController.m in Sources */,
				907BFB4A1B4EB30100227D7F /* ContrastChannel.m in Sources */,
				90CF93EE1BA5D0700082F247 /* ContrastSwiftViewController.swift in Sources */,
				900299521B4A8DED0093DCE7 /* ContrastChannelView.m in Sources */,
			);
			runOnlyForDeploymentPostprocessing = 0;
		};
/* End PBXSourcesBuildPhase section */

/* Begin XCBuildConfiguration section */
		9002994B1B4A8D770093DCE7 /* Debug */ = {
			isa = XCBuildConfiguration;
			buildSettings = {
				ALWAYS_SEARCH_USER_PATHS = NO;
				CLANG_CXX_LANGUAGE_STANDARD = "gnu++0x";
				CLANG_CXX_LIBRARY = "libc++";
				CLANG_ENABLE_MODULES = YES;
				CLANG_ENABLE_OBJC_ARC = YES;
				CLANG_WARN_BOOL_CONVERSION = YES;
				CLANG_WARN_CONSTANT_CONVERSION = YES;
				CLANG_WARN_DIRECT_OBJC_ISA_USAGE = YES_ERROR;
				CLANG_WARN_EMPTY_BODY = YES;
				CLANG_WARN_ENUM_CONVERSION = YES;
				CLANG_WARN_INT_CONVERSION = YES;
				CLANG_WARN_OBJC_ROOT_CLASS = YES_ERROR;
				CLANG_WARN_UNREACHABLE_CODE = YES;
				CLANG_WARN__DUPLICATE_METHOD_MATCH = YES;
				"CODE_SIGN_IDENTITY[sdk=iphoneos*]" = "iPhone Developer";
				COPY_PHASE_STRIP = NO;
				DEBUG_INFORMATION_FORMAT = dwarf;
				ENABLE_STRICT_OBJC_MSGSEND = YES;
				ENABLE_TESTABILITY = YES;
				GCC_C_LANGUAGE_STANDARD = gnu99;
				GCC_DYNAMIC_NO_PIC = NO;
				GCC_NO_COMMON_BLOCKS = YES;
				GCC_OPTIMIZATION_LEVEL = 0;
				GCC_PREPROCESSOR_DEFINITIONS = (
					"DEBUG=1",
					"$(inherited)",
				);
				GCC_WARN_64_TO_32_BIT_CONVERSION = YES;
				GCC_WARN_ABOUT_RETURN_TYPE = YES_ERROR;
				GCC_WARN_UNDECLARED_SELECTOR = YES;
				GCC_WARN_UNINITIALIZED_AUTOS = YES_AGGRESSIVE;
				GCC_WARN_UNUSED_FUNCTION = YES;
				GCC_WARN_UNUSED_VARIABLE = YES;
				IPHONEOS_DEPLOYMENT_TARGET = 9.0;
				MTL_ENABLE_DEBUG_INFO = YES;
				ONLY_ACTIVE_ARCH = YES;
				SDKROOT = iphoneos;
			};
			name = Debug;
		};
		9002994C1B4A8D770093DCE7 /* Release */ = {
			isa = XCBuildConfiguration;
			buildSettings = {
				ALWAYS_SEARCH_USER_PATHS = NO;
				CLANG_CXX_LANGUAGE_STANDARD = "gnu++0x";
				CLANG_CXX_LIBRARY = "libc++";
				CLANG_ENABLE_MODULES = YES;
				CLANG_ENABLE_OBJC_ARC = YES;
				CLANG_WARN_BOOL_CONVERSION = YES;
				CLANG_WARN_CONSTANT_CONVERSION = YES;
				CLANG_WARN_DIRECT_OBJC_ISA_USAGE = YES_ERROR;
				CLANG_WARN_EMPTY_BODY = YES;
				CLANG_WARN_ENUM_CONVERSION = YES;
				CLANG_WARN_INT_CONVERSION = YES;
				CLANG_WARN_OBJC_ROOT_CLASS = YES_ERROR;
				CLANG_WARN_UNREACHABLE_CODE = YES;
				CLANG_WARN__DUPLICATE_METHOD_MATCH = YES;
				"CODE_SIGN_IDENTITY[sdk=iphoneos*]" = "iPhone Developer";
				COPY_PHASE_STRIP = NO;
				DEBUG_INFORMATION_FORMAT = "dwarf-with-dsym";
				ENABLE_NS_ASSERTIONS = NO;
				ENABLE_STRICT_OBJC_MSGSEND = YES;
				GCC_C_LANGUAGE_STANDARD = gnu99;
				GCC_NO_COMMON_BLOCKS = YES;
				GCC_WARN_64_TO_32_BIT_CONVERSION = YES;
				GCC_WARN_ABOUT_RETURN_TYPE = YES_ERROR;
				GCC_WARN_UNDECLARED_SELECTOR = YES;
				GCC_WARN_UNINITIALIZED_AUTOS = YES_AGGRESSIVE;
				GCC_WARN_UNUSED_FUNCTION = YES;
				GCC_WARN_UNUSED_VARIABLE = YES;
				IPHONEOS_DEPLOYMENT_TARGET = 9.0;
				MTL_ENABLE_DEBUG_INFO = NO;
				SDKROOT = iphoneos;
				VALIDATE_PRODUCT = YES;
			};
			name = Release;
		};
		9002994E1B4A8D770093DCE7 /* Debug */ = {
			isa = XCBuildConfiguration;
			baseConfigurationReference = D935FF7E6CBF355ED909017D /* Pods-contrast.debug.xcconfig */;
			buildSettings = {
				ASSETCATALOG_COMPILER_APPICON_NAME = AppIcon;
				ASSETCATALOG_COMPILER_LAUNCHIMAGE_NAME = LaunchImage;
				CLANG_ENABLE_MODULES = YES;
				INFOPLIST_FILE = contrast/Info.plist;
				IPHONEOS_DEPLOYMENT_TARGET = 8.0;
				LD_RUNPATH_SEARCH_PATHS = "$(inherited) @executable_path/Frameworks";
				PRODUCT_BUNDLE_IDENTIFIER = com.aerodeko.contrast;
				PRODUCT_NAME = "$(TARGET_NAME)";
				SWIFT_OBJC_BRIDGING_HEADER = "contrast/contrast-Bridging-Header.h";
				SWIFT_OPTIMIZATION_LEVEL = "-Onone";
			};
			name = Debug;
		};
		9002994F1B4A8D770093DCE7 /* Release */ = {
			isa = XCBuildConfiguration;
			baseConfigurationReference = B9E248AAAD369F08F65DE5ED /* Pods-contrast.release.xcconfig */;
			buildSettings = {
				ASSETCATALOG_COMPILER_APPICON_NAME = AppIcon;
				ASSETCATALOG_COMPILER_LAUNCHIMAGE_NAME = LaunchImage;
				CLANG_ENABLE_MODULES = YES;
				"CODE_SIGN_IDENTITY[sdk=iphoneos*]" = "iPhone Distribution: Johan Halin (T583396HNX)";
				INFOPLIST_FILE = contrast/Info.plist;
				IPHONEOS_DEPLOYMENT_TARGET = 8.0;
				LD_RUNPATH_SEARCH_PATHS = "$(inherited) @executable_path/Frameworks";
				PRODUCT_BUNDLE_IDENTIFIER = com.aerodeko.contrast;
				PRODUCT_NAME = "$(TARGET_NAME)";
				PROVISIONING_PROFILE = "52ccc706-914d-45b6-89bf-8a5dccfb8c35";
				SWIFT_OBJC_BRIDGING_HEADER = "contrast/contrast-Bridging-Header.h";
			};
			name = Release;
		};
/* End XCBuildConfiguration section */

/* Begin XCConfigurationList section */
		900299311B4A8D770093DCE7 /* Build configuration list for PBXProject "contrast" */ = {
			isa = XCConfigurationList;
			buildConfigurations = (
				9002994B1B4A8D770093DCE7 /* Debug */,
				9002994C1B4A8D770093DCE7 /* Release */,
			);
			defaultConfigurationIsVisible = 0;
			defaultConfigurationName = Release;
		};
		9002994D1B4A8D770093DCE7 /* Build configuration list for PBXNativeTarget "contrast" */ = {
			isa = XCConfigurationList;
			buildConfigurations = (
				9002994E1B4A8D770093DCE7 /* Debug */,
				9002994F1B4A8D770093DCE7 /* Release */,
			);
			defaultConfigurationIsVisible = 0;
			defaultConfigurationName = Release;
		};
/* End XCConfigurationList section */
	};
	rootObject = 9002992E1B4A8D770093DCE7 /* Project object */;
}
